// !$*UTF8*$!
{
	archiveVersion = 1;
	classes = {
	};
	objectVersion = 50;
	objects = {

/* Begin PBXBuildFile section */
		1733769F20A73DE200758168 /* MGMapDirtElement.m in Sources */ = {isa = PBXBuildFile; fileRef = 1733769E20A73DE200758168 /* MGMapDirtElement.m */; };
		173376A220A73E0300758168 /* MGMapSandElement.m in Sources */ = {isa = PBXBuildFile; fileRef = 173376A120A73E0300758168 /* MGMapSandElement.m */; };
		173376A520A73E2E00758168 /* MGMapWaterElement.m in Sources */ = {isa = PBXBuildFile; fileRef = 173376A420A73E2E00758168 /* MGMapWaterElement.m */; };
		173376A820A73E4C00758168 /* MGMapSnowElement.m in Sources */ = {isa = PBXBuildFile; fileRef = 173376A720A73E4C00758168 /* MGMapSnowElement.m */; };
		EC0367A220A1421B00615D12 /* AppDelegate.m in Sources */ = {isa = PBXBuildFile; fileRef = EC0367A120A1421B00615D12 /* AppDelegate.m */; };
		EC0367A520A1421B00615D12 /* ViewController.m in Sources */ = {isa = PBXBuildFile; fileRef = EC0367A420A1421B00615D12 /* ViewController.m */; };
		EC0367A720A1421C00615D12 /* Assets.xcassets in Resources */ = {isa = PBXBuildFile; fileRef = EC0367A620A1421C00615D12 /* Assets.xcassets */; };
		EC0367AA20A1421C00615D12 /* Main.storyboard in Resources */ = {isa = PBXBuildFile; fileRef = EC0367A820A1421C00615D12 /* Main.storyboard */; };
		EC0367AD20A1421C00615D12 /* main.m in Sources */ = {isa = PBXBuildFile; fileRef = EC0367AC20A1421C00615D12 /* main.m */; };
		EC0367B820A1421C00615D12 /* MapGeneratorTests.m in Sources */ = {isa = PBXBuildFile; fileRef = EC0367B720A1421C00615D12 /* MapGeneratorTests.m */; };
		EC0367C320A1421C00615D12 /* MapGeneratorUITests.m in Sources */ = {isa = PBXBuildFile; fileRef = EC0367C220A1421C00615D12 /* MapGeneratorUITests.m */; };
		EC0367D320A1460E00615D12 /* MGBasicElement.m in Sources */ = {isa = PBXBuildFile; fileRef = EC0367D220A1460E00615D12 /* MGBasicElement.m */; };
		EC0367D520A17B0D00615D12 /* Property List.plist in Resources */ = {isa = PBXBuildFile; fileRef = EC0367D420A17B0D00615D12 /* Property List.plist */; };
		ECF320C420A2907900910B5E /* MGMapUnity.m in Sources */ = {isa = PBXBuildFile; fileRef = ECF320C320A2907900910B5E /* MGMapUnity.m */; };
		ECF320C720A2909700910B5E /* MGMapRegion.m in Sources */ = {isa = PBXBuildFile; fileRef = ECF320C620A2909700910B5E /* MGMapRegion.m */; };
		ECF320CB20A2DBE100910B5E /* MGMapProbability.m in Sources */ = {isa = PBXBuildFile; fileRef = ECF320CA20A2DBE100910B5E /* MGMapProbability.m */; };
		ECF320CF20A2E09A00910B5E /* MGMapObject.m in Sources */ = {isa = PBXBuildFile; fileRef = ECF320CE20A2E09A00910B5E /* MGMapObject.m */; };
		ECF320D220A2F02000910B5E /* MGMapGrassElement.m in Sources */ = {isa = PBXBuildFile; fileRef = ECF320D120A2F02000910B5E /* MGMapGrassElement.m */; };
/* End PBXBuildFile section */

/* Begin PBXContainerItemProxy section */
		EC0367B420A1421C00615D12 /* PBXContainerItemProxy */ = {
			isa = PBXContainerItemProxy;
			containerPortal = EC03679520A1421B00615D12 /* Project object */;
			proxyType = 1;
			remoteGlobalIDString = EC03679C20A1421B00615D12;
			remoteInfo = MapGenerator;
		};
		EC0367BF20A1421C00615D12 /* PBXContainerItemProxy */ = {
			isa = PBXContainerItemProxy;
			containerPortal = EC03679520A1421B00615D12 /* Project object */;
			proxyType = 1;
			remoteGlobalIDString = EC03679C20A1421B00615D12;
			remoteInfo = MapGenerator;
		};
/* End PBXContainerItemProxy section */

/* Begin PBXFileReference section */
		1733769D20A73DE200758168 /* MGMapDirtElement.h */ = {isa = PBXFileReference; lastKnownFileType = sourcecode.c.h; path = MGMapDirtElement.h; sourceTree = "<group>"; };
		1733769E20A73DE200758168 /* MGMapDirtElement.m */ = {isa = PBXFileReference; lastKnownFileType = sourcecode.c.objc; path = MGMapDirtElement.m; sourceTree = "<group>"; };
		173376A020A73E0300758168 /* MGMapSandElement.h */ = {isa = PBXFileReference; lastKnownFileType = sourcecode.c.h; path = MGMapSandElement.h; sourceTree = "<group>"; };
		173376A120A73E0300758168 /* MGMapSandElement.m */ = {isa = PBXFileReference; lastKnownFileType = sourcecode.c.objc; path = MGMapSandElement.m; sourceTree = "<group>"; };
		173376A320A73E2E00758168 /* MGMapWaterElement.h */ = {isa = PBXFileReference; lastKnownFileType = sourcecode.c.h; path = MGMapWaterElement.h; sourceTree = "<group>"; };
		173376A420A73E2E00758168 /* MGMapWaterElement.m */ = {isa = PBXFileReference; lastKnownFileType = sourcecode.c.objc; path = MGMapWaterElement.m; sourceTree = "<group>"; };
		173376A620A73E4C00758168 /* MGMapSnowElement.h */ = {isa = PBXFileReference; lastKnownFileType = sourcecode.c.h; path = MGMapSnowElement.h; sourceTree = "<group>"; };
		173376A720A73E4C00758168 /* MGMapSnowElement.m */ = {isa = PBXFileReference; lastKnownFileType = sourcecode.c.objc; path = MGMapSnowElement.m; sourceTree = "<group>"; };
		EC03679D20A1421B00615D12 /* MapGenerator.app */ = {isa = PBXFileReference; explicitFileType = wrapper.application; includeInIndex = 0; path = MapGenerator.app; sourceTree = BUILT_PRODUCTS_DIR; };
		EC0367A020A1421B00615D12 /* AppDelegate.h */ = {isa = PBXFileReference; lastKnownFileType = sourcecode.c.h; path = AppDelegate.h; sourceTree = "<group>"; };
		EC0367A120A1421B00615D12 /* AppDelegate.m */ = {isa = PBXFileReference; lastKnownFileType = sourcecode.c.objc; path = AppDelegate.m; sourceTree = "<group>"; };
		EC0367A320A1421B00615D12 /* ViewController.h */ = {isa = PBXFileReference; lastKnownFileType = sourcecode.c.h; path = ViewController.h; sourceTree = "<group>"; };
		EC0367A420A1421B00615D12 /* ViewController.m */ = {isa = PBXFileReference; lastKnownFileType = sourcecode.c.objc; path = ViewController.m; sourceTree = "<group>"; };
		EC0367A620A1421C00615D12 /* Assets.xcassets */ = {isa = PBXFileReference; lastKnownFileType = folder.assetcatalog; path = Assets.xcassets; sourceTree = "<group>"; };
		EC0367A920A1421C00615D12 /* Base */ = {isa = PBXFileReference; lastKnownFileType = file.storyboard; name = Base; path = Base.lproj/Main.storyboard; sourceTree = "<group>"; };
		EC0367AB20A1421C00615D12 /* Info.plist */ = {isa = PBXFileReference; lastKnownFileType = text.plist.xml; path = Info.plist; sourceTree = "<group>"; };
		EC0367AC20A1421C00615D12 /* main.m */ = {isa = PBXFileReference; lastKnownFileType = sourcecode.c.objc; path = main.m; sourceTree = "<group>"; };
		EC0367AE20A1421C00615D12 /* MapGenerator.entitlements */ = {isa = PBXFileReference; lastKnownFileType = text.plist.entitlements; path = MapGenerator.entitlements; sourceTree = "<group>"; };
		EC0367B320A1421C00615D12 /* MapGeneratorTests.xctest */ = {isa = PBXFileReference; explicitFileType = wrapper.cfbundle; includeInIndex = 0; path = MapGeneratorTests.xctest; sourceTree = BUILT_PRODUCTS_DIR; };
		EC0367B720A1421C00615D12 /* MapGeneratorTests.m */ = {isa = PBXFileReference; lastKnownFileType = sourcecode.c.objc; path = MapGeneratorTests.m; sourceTree = "<group>"; };
		EC0367B920A1421C00615D12 /* Info.plist */ = {isa = PBXFileReference; lastKnownFileType = text.plist.xml; path = Info.plist; sourceTree = "<group>"; };
		EC0367BE20A1421C00615D12 /* MapGeneratorUITests.xctest */ = {isa = PBXFileReference; explicitFileType = wrapper.cfbundle; includeInIndex = 0; path = MapGeneratorUITests.xctest; sourceTree = BUILT_PRODUCTS_DIR; };
		EC0367C220A1421C00615D12 /* MapGeneratorUITests.m */ = {isa = PBXFileReference; lastKnownFileType = sourcecode.c.objc; path = MapGeneratorUITests.m; sourceTree = "<group>"; };
		EC0367C420A1421C00615D12 /* Info.plist */ = {isa = PBXFileReference; lastKnownFileType = text.plist.xml; path = Info.plist; sourceTree = "<group>"; };
		EC0367D120A1460E00615D12 /* MGBasicElement.h */ = {isa = PBXFileReference; lastKnownFileType = sourcecode.c.h; path = MGBasicElement.h; sourceTree = "<group>"; };
		EC0367D220A1460E00615D12 /* MGBasicElement.m */ = {isa = PBXFileReference; lastKnownFileType = sourcecode.c.objc; path = MGBasicElement.m; sourceTree = "<group>"; };
		EC0367D420A17B0D00615D12 /* Property List.plist */ = {isa = PBXFileReference; lastKnownFileType = text.plist.xml; path = "Property List.plist"; sourceTree = "<group>"; };
		ECF320C220A2907900910B5E /* MGMapUnity.h */ = {isa = PBXFileReference; lastKnownFileType = sourcecode.c.h; path = MGMapUnity.h; sourceTree = "<group>"; };
		ECF320C320A2907900910B5E /* MGMapUnity.m */ = {isa = PBXFileReference; lastKnownFileType = sourcecode.c.objc; path = MGMapUnity.m; sourceTree = "<group>"; };
		ECF320C520A2909700910B5E /* MGMapRegion.h */ = {isa = PBXFileReference; lastKnownFileType = sourcecode.c.h; path = MGMapRegion.h; sourceTree = "<group>"; };
		ECF320C620A2909700910B5E /* MGMapRegion.m */ = {isa = PBXFileReference; lastKnownFileType = sourcecode.c.objc; path = MGMapRegion.m; sourceTree = "<group>"; };
		ECF320C920A2DBE100910B5E /* MGMapProbability.h */ = {isa = PBXFileReference; lastKnownFileType = sourcecode.c.h; path = MGMapProbability.h; sourceTree = "<group>"; };
		ECF320CA20A2DBE100910B5E /* MGMapProbability.m */ = {isa = PBXFileReference; lastKnownFileType = sourcecode.c.objc; path = MGMapProbability.m; sourceTree = "<group>"; };
		ECF320CD20A2E09A00910B5E /* MGMapObject.h */ = {isa = PBXFileReference; lastKnownFileType = sourcecode.c.h; path = MGMapObject.h; sourceTree = "<group>"; };
		ECF320CE20A2E09A00910B5E /* MGMapObject.m */ = {isa = PBXFileReference; lastKnownFileType = sourcecode.c.objc; path = MGMapObject.m; sourceTree = "<group>"; };
		ECF320D020A2F02000910B5E /* MGMapGrassElement.h */ = {isa = PBXFileReference; lastKnownFileType = sourcecode.c.h; path = MGMapGrassElement.h; sourceTree = "<group>"; };
		ECF320D120A2F02000910B5E /* MGMapGrassElement.m */ = {isa = PBXFileReference; lastKnownFileType = sourcecode.c.objc; path = MGMapGrassElement.m; sourceTree = "<group>"; };
/* End PBXFileReference section */

/* Begin PBXFrameworksBuildPhase section */
		EC03679A20A1421B00615D12 /* Frameworks */ = {
			isa = PBXFrameworksBuildPhase;
			buildActionMask = 2147483647;
			files = (
			);
			runOnlyForDeploymentPostprocessing = 0;
		};
		EC0367B020A1421C00615D12 /* Frameworks */ = {
			isa = PBXFrameworksBuildPhase;
			buildActionMask = 2147483647;
			files = (
			);
			runOnlyForDeploymentPostprocessing = 0;
		};
		EC0367BB20A1421C00615D12 /* Frameworks */ = {
			isa = PBXFrameworksBuildPhase;
			buildActionMask = 2147483647;
			files = (
			);
			runOnlyForDeploymentPostprocessing = 0;
		};
/* End PBXFrameworksBuildPhase section */

/* Begin PBXGroup section */
		EC03679420A1421B00615D12 = {
			isa = PBXGroup;
			children = (
				EC03679F20A1421B00615D12 /* MapGenerator */,
				EC0367B620A1421C00615D12 /* MapGeneratorTests */,
				EC0367C120A1421C00615D12 /* MapGeneratorUITests */,
				EC03679E20A1421B00615D12 /* Products */,
			);
			sourceTree = "<group>";
		};
		EC03679E20A1421B00615D12 /* Products */ = {
			isa = PBXGroup;
			children = (
				EC03679D20A1421B00615D12 /* MapGenerator.app */,
				EC0367B320A1421C00615D12 /* MapGeneratorTests.xctest */,
				EC0367BE20A1421C00615D12 /* MapGeneratorUITests.xctest */,
			);
			name = Products;
			sourceTree = "<group>";
		};
		EC03679F20A1421B00615D12 /* MapGenerator */ = {
			isa = PBXGroup;
			children = (
				EC0367D020A1455500615D12 /* MapGenerator */,
				EC0367A020A1421B00615D12 /* AppDelegate.h */,
				EC0367A120A1421B00615D12 /* AppDelegate.m */,
				EC0367A320A1421B00615D12 /* ViewController.h */,
				EC0367A420A1421B00615D12 /* ViewController.m */,
				EC0367A620A1421C00615D12 /* Assets.xcassets */,
				EC0367A820A1421C00615D12 /* Main.storyboard */,
				EC0367AB20A1421C00615D12 /* Info.plist */,
				EC0367AC20A1421C00615D12 /* main.m */,
				EC0367AE20A1421C00615D12 /* MapGenerator.entitlements */,
			);
			path = MapGenerator;
			sourceTree = "<group>";
		};
		EC0367B620A1421C00615D12 /* MapGeneratorTests */ = {
			isa = PBXGroup;
			children = (
				EC0367B720A1421C00615D12 /* MapGeneratorTests.m */,
				EC0367B920A1421C00615D12 /* Info.plist */,
			);
			path = MapGeneratorTests;
			sourceTree = "<group>";
		};
		EC0367C120A1421C00615D12 /* MapGeneratorUITests */ = {
			isa = PBXGroup;
			children = (
				EC0367C220A1421C00615D12 /* MapGeneratorUITests.m */,
				EC0367C420A1421C00615D12 /* Info.plist */,
			);
			path = MapGeneratorUITests;
			sourceTree = "<group>";
		};
		EC0367D020A1455500615D12 /* MapGenerator */ = {
			isa = PBXGroup;
			children = (
				ECF320C820A2DBCB00910B5E /* Probability */,
				ECF320CC20A2E07000910B5E /* Base */,
				ECF320BF20A28F8300910B5E /* Region */,
				EC0367D420A17B0D00615D12 /* Property List.plist */,
			);
			path = MapGenerator;
			sourceTree = "<group>";
		};
		ECF320BF20A28F8300910B5E /* Region */ = {
			isa = PBXGroup;
			children = (
				ECF320C520A2909700910B5E /* MGMapRegion.h */,
				ECF320C620A2909700910B5E /* MGMapRegion.m */,
				ECF320C020A2900100910B5E /* Unity */,
			);
			path = Region;
			sourceTree = "<group>";
		};
		ECF320C020A2900100910B5E /* Unity */ = {
			isa = PBXGroup;
			children = (
				ECF320C220A2907900910B5E /* MGMapUnity.h */,
				ECF320C320A2907900910B5E /* MGMapUnity.m */,
				ECF320C120A2904A00910B5E /* Element */,
			);
			path = Unity;
			sourceTree = "<group>";
		};
		ECF320C120A2904A00910B5E /* Element */ = {
			isa = PBXGroup;
			children = (
				EC0367D120A1460E00615D12 /* MGBasicElement.h */,
				EC0367D220A1460E00615D12 /* MGBasicElement.m */,
				ECF320D020A2F02000910B5E /* MGMapGrassElement.h */,
				ECF320D120A2F02000910B5E /* MGMapGrassElement.m */,
				1733769D20A73DE200758168 /* MGMapDirtElement.h */,
				1733769E20A73DE200758168 /* MGMapDirtElement.m */,
				173376A020A73E0300758168 /* MGMapSandElement.h */,
				173376A120A73E0300758168 /* MGMapSandElement.m */,
				173376A320A73E2E00758168 /* MGMapWaterElement.h */,
				173376A420A73E2E00758168 /* MGMapWaterElement.m */,
				173376A620A73E4C00758168 /* MGMapSnowElement.h */,
				173376A720A73E4C00758168 /* MGMapSnowElement.m */,
			);
			path = Element;
			sourceTree = "<group>";
		};
		ECF320C820A2DBCB00910B5E /* Probability */ = {
			isa = PBXGroup;
			children = (
				ECF320C920A2DBE100910B5E /* MGMapProbability.h */,
				ECF320CA20A2DBE100910B5E /* MGMapProbability.m */,
			);
			path = Probability;
			sourceTree = "<group>";
		};
		ECF320CC20A2E07000910B5E /* Base */ = {
			isa = PBXGroup;
			children = (
				ECF320CD20A2E09A00910B5E /* MGMapObject.h */,
				ECF320CE20A2E09A00910B5E /* MGMapObject.m */,
			);
			path = Base;
			sourceTree = "<group>";
		};
/* End PBXGroup section */

/* Begin PBXNativeTarget section */
		EC03679C20A1421B00615D12 /* MapGenerator */ = {
			isa = PBXNativeTarget;
			buildConfigurationList = EC0367C720A1421C00615D12 /* Build configuration list for PBXNativeTarget "MapGenerator" */;
			buildPhases = (
				EC03679920A1421B00615D12 /* Sources */,
				EC03679A20A1421B00615D12 /* Frameworks */,
				EC03679B20A1421B00615D12 /* Resources */,
			);
			buildRules = (
			);
			dependencies = (
			);
			name = MapGenerator;
			productName = MapGenerator;
			productReference = EC03679D20A1421B00615D12 /* MapGenerator.app */;
			productType = "com.apple.product-type.application";
		};
		EC0367B220A1421C00615D12 /* MapGeneratorTests */ = {
			isa = PBXNativeTarget;
			buildConfigurationList = EC0367CA20A1421C00615D12 /* Build configuration list for PBXNativeTarget "MapGeneratorTests" */;
			buildPhases = (
				EC0367AF20A1421C00615D12 /* Sources */,
				EC0367B020A1421C00615D12 /* Frameworks */,
				EC0367B120A1421C00615D12 /* Resources */,
			);
			buildRules = (
			);
			dependencies = (
				EC0367B520A1421C00615D12 /* PBXTargetDependency */,
			);
			name = MapGeneratorTests;
			productName = MapGeneratorTests;
			productReference = EC0367B320A1421C00615D12 /* MapGeneratorTests.xctest */;
			productType = "com.apple.product-type.bundle.unit-test";
		};
		EC0367BD20A1421C00615D12 /* MapGeneratorUITests */ = {
			isa = PBXNativeTarget;
			buildConfigurationList = EC0367CD20A1421C00615D12 /* Build configuration list for PBXNativeTarget "MapGeneratorUITests" */;
			buildPhases = (
				EC0367BA20A1421C00615D12 /* Sources */,
				EC0367BB20A1421C00615D12 /* Frameworks */,
				EC0367BC20A1421C00615D12 /* Resources */,
			);
			buildRules = (
			);
			dependencies = (
				EC0367C020A1421C00615D12 /* PBXTargetDependency */,
			);
			name = MapGeneratorUITests;
			productName = MapGeneratorUITests;
			productReference = EC0367BE20A1421C00615D12 /* MapGeneratorUITests.xctest */;
			productType = "com.apple.product-type.bundle.ui-testing";
		};
/* End PBXNativeTarget section */

/* Begin PBXProject section */
		EC03679520A1421B00615D12 /* Project object */ = {
			isa = PBXProject;
			attributes = {
				CLASSPREFIX = MG;
				LastUpgradeCheck = 0930;
				ORGANIZATIONNAME = Emrys;
				TargetAttributes = {
					EC03679C20A1421B00615D12 = {
						CreatedOnToolsVersion = 9.3;
					};
					EC0367B220A1421C00615D12 = {
						CreatedOnToolsVersion = 9.3;
						TestTargetID = EC03679C20A1421B00615D12;
					};
					EC0367BD20A1421C00615D12 = {
						CreatedOnToolsVersion = 9.3;
						TestTargetID = EC03679C20A1421B00615D12;
					};
				};
			};
			buildConfigurationList = EC03679820A1421B00615D12 /* Build configuration list for PBXProject "MapGenerator" */;
			compatibilityVersion = "Xcode 9.3";
			developmentRegion = en;
			hasScannedForEncodings = 0;
			knownRegions = (
				en,
				Base,
			);
			mainGroup = EC03679420A1421B00615D12;
			productRefGroup = EC03679E20A1421B00615D12 /* Products */;
			projectDirPath = "";
			projectRoot = "";
			targets = (
				EC03679C20A1421B00615D12 /* MapGenerator */,
				EC0367B220A1421C00615D12 /* MapGeneratorTests */,
				EC0367BD20A1421C00615D12 /* MapGeneratorUITests */,
			);
		};
/* End PBXProject section */

/* Begin PBXResourcesBuildPhase section */
		EC03679B20A1421B00615D12 /* Resources */ = {
			isa = PBXResourcesBuildPhase;
			buildActionMask = 2147483647;
			files = (
				EC0367D520A17B0D00615D12 /* Property List.plist in Resources */,
				EC0367A720A1421C00615D12 /* Assets.xcassets in Resources */,
				EC0367AA20A1421C00615D12 /* Main.storyboard in Resources */,
			);
			runOnlyForDeploymentPostprocessing = 0;
		};
		EC0367B120A1421C00615D12 /* Resources */ = {
			isa = PBXResourcesBuildPhase;
			buildActionMask = 2147483647;
			files = (
			);
			runOnlyForDeploymentPostprocessing = 0;
		};
		EC0367BC20A1421C00615D12 /* Resources */ = {
			isa = PBXResourcesBuildPhase;
			buildActionMask = 2147483647;
			files = (
			);
			runOnlyForDeploymentPostprocessing = 0;
		};
/* End PBXResourcesBuildPhase section */

/* Begin PBXSourcesBuildPhase section */
		EC03679920A1421B00615D12 /* Sources */ = {
			isa = PBXSourcesBuildPhase;
			buildActionMask = 2147483647;
			files = (
				ECF320C720A2909700910B5E /* MGMapRegion.m in Sources */,
				ECF320CF20A2E09A00910B5E /* MGMapObject.m in Sources */,
				EC0367A520A1421B00615D12 /* ViewController.m in Sources */,
				ECF320C420A2907900910B5E /* MGMapUnity.m in Sources */,
				EC0367AD20A1421C00615D12 /* main.m in Sources */,
				173376A520A73E2E00758168 /* MGMapWaterElement.m in Sources */,
				173376A220A73E0300758168 /* MGMapSandElement.m in Sources */,
				ECF320CB20A2DBE100910B5E /* MGMapProbability.m in Sources */,
				1733769F20A73DE200758168 /* MGMapDirtElement.m in Sources */,
				173376A820A73E4C00758168 /* MGMapSnowElement.m in Sources */,
				EC0367A220A1421B00615D12 /* AppDelegate.m in Sources */,
				EC0367D320A1460E00615D12 /* MGBasicElement.m in Sources */,
				ECF320D220A2F02000910B5E /* MGMapGrassElement.m in Sources */,
			);
			runOnlyForDeploymentPostprocessing = 0;
		};
		EC0367AF20A1421C00615D12 /* Sources */ = {
			isa = PBXSourcesBuildPhase;
			buildActionMask = 2147483647;
			files = (
				EC0367B820A1421C00615D12 /* MapGeneratorTests.m in Sources */,
			);
			runOnlyForDeploymentPostprocessing = 0;
		};
		EC0367BA20A1421C00615D12 /* Sources */ = {
			isa = PBXSourcesBuildPhase;
			buildActionMask = 2147483647;
			files = (
				EC0367C320A1421C00615D12 /* MapGeneratorUITests.m in Sources */,
			);
			runOnlyForDeploymentPostprocessing = 0;
		};
/* End PBXSourcesBuildPhase section */

/* Begin PBXTargetDependency section */
		EC0367B520A1421C00615D12 /* PBXTargetDependency */ = {
			isa = PBXTargetDependency;
			target = EC03679C20A1421B00615D12 /* MapGenerator */;
			targetProxy = EC0367B420A1421C00615D12 /* PBXContainerItemProxy */;
		};
		EC0367C020A1421C00615D12 /* PBXTargetDependency */ = {
			isa = PBXTargetDependency;
			target = EC03679C20A1421B00615D12 /* MapGenerator */;
			targetProxy = EC0367BF20A1421C00615D12 /* PBXContainerItemProxy */;
		};
/* End PBXTargetDependency section */

/* Begin PBXVariantGroup section */
		EC0367A820A1421C00615D12 /* Main.storyboard */ = {
			isa = PBXVariantGroup;
			children = (
				EC0367A920A1421C00615D12 /* Base */,
			);
			name = Main.storyboard;
			sourceTree = "<group>";
		};
/* End PBXVariantGroup section */

/* Begin XCBuildConfiguration section */
		EC0367C520A1421C00615D12 /* Debug */ = {
			isa = XCBuildConfiguration;
			buildSettings = {
				ALWAYS_SEARCH_USER_PATHS = NO;
				CLANG_ANALYZER_NONNULL = YES;
				CLANG_ANALYZER_NUMBER_OBJECT_CONVERSION = YES_AGGRESSIVE;
				CLANG_CXX_LANGUAGE_STANDARD = "gnu++14";
				CLANG_CXX_LIBRARY = "libc++";
				CLANG_ENABLE_MODULES = YES;
				CLANG_ENABLE_OBJC_ARC = YES;
				CLANG_ENABLE_OBJC_WEAK = YES;
				CLANG_WARN_BLOCK_CAPTURE_AUTORELEASING = YES;
				CLANG_WARN_BOOL_CONVERSION = YES;
				CLANG_WARN_COMMA = YES;
				CLANG_WARN_CONSTANT_CONVERSION = YES;
				CLANG_WARN_DEPRECATED_OBJC_IMPLEMENTATIONS = YES;
				CLANG_WARN_DIRECT_OBJC_ISA_USAGE = YES_ERROR;
				CLANG_WARN_DOCUMENTATION_COMMENTS = YES;
				CLANG_WARN_EMPTY_BODY = YES;
				CLANG_WARN_ENUM_CONVERSION = YES;
				CLANG_WARN_INFINITE_RECURSION = YES;
				CLANG_WARN_INT_CONVERSION = YES;
				CLANG_WARN_NON_LITERAL_NULL_CONVERSION = YES;
				CLANG_WARN_OBJC_IMPLICIT_RETAIN_SELF = YES;
				CLANG_WARN_OBJC_LITERAL_CONVERSION = YES;
				CLANG_WARN_OBJC_ROOT_CLASS = YES_ERROR;
				CLANG_WARN_RANGE_LOOP_ANALYSIS = YES;
				CLANG_WARN_STRICT_PROTOTYPES = YES;
				CLANG_WARN_SUSPICIOUS_MOVE = YES;
				CLANG_WARN_UNGUARDED_AVAILABILITY = YES_AGGRESSIVE;
				CLANG_WARN_UNREACHABLE_CODE = YES;
				CLANG_WARN__DUPLICATE_METHOD_MATCH = YES;
				CODE_SIGN_IDENTITY = "-";
				COPY_PHASE_STRIP = NO;
				DEBUG_INFORMATION_FORMAT = dwarf;
				ENABLE_STRICT_OBJC_MSGSEND = YES;
				ENABLE_TESTABILITY = YES;
				GCC_C_LANGUAGE_STANDARD = gnu11;
				GCC_DYNAMIC_NO_PIC = NO;
				GCC_NO_COMMON_BLOCKS = YES;
				GCC_OPTIMIZATION_LEVEL = 0;
				GCC_PREPROCESSOR_DEFINITIONS = (
					"DEBUG=1",
					"$(inherited)",
				);
				GCC_WARN_64_TO_32_BIT_CONVERSION = YES;
				GCC_WARN_ABOUT_RETURN_TYPE = YES_ERROR;
				GCC_WARN_UNDECLARED_SELECTOR = YES;
				GCC_WARN_UNINITIALIZED_AUTOS = YES_AGGRESSIVE;
				GCC_WARN_UNUSED_FUNCTION = YES;
				GCC_WARN_UNUSED_VARIABLE = YES;
				MACOSX_DEPLOYMENT_TARGET = 10.13;
				MTL_ENABLE_DEBUG_INFO = YES;
				ONLY_ACTIVE_ARCH = YES;
				SDKROOT = macosx;
			};
			name = Debug;
		};
		EC0367C620A1421C00615D12 /* Release */ = {
			isa = XCBuildConfiguration;
			buildSettings = {
				ALWAYS_SEARCH_USER_PATHS = NO;
				CLANG_ANALYZER_NONNULL = YES;
				CLANG_ANALYZER_NUMBER_OBJECT_CONVERSION = YES_AGGRESSIVE;
				CLANG_CXX_LANGUAGE_STANDARD = "gnu++14";
				CLANG_CXX_LIBRARY = "libc++";
				CLANG_ENABLE_MODULES = YES;
				CLANG_ENABLE_OBJC_ARC = YES;
				CLANG_ENABLE_OBJC_WEAK = YES;
				CLANG_WARN_BLOCK_CAPTURE_AUTORELEASING = YES;
				CLANG_WARN_BOOL_CONVERSION = YES;
				CLANG_WARN_COMMA = YES;
				CLANG_WARN_CONSTANT_CONVERSION = YES;
				CLANG_WARN_DEPRECATED_OBJC_IMPLEMENTATIONS = YES;
				CLANG_WARN_DIRECT_OBJC_ISA_USAGE = YES_ERROR;
				CLANG_WARN_DOCUMENTATION_COMMENTS = YES;
				CLANG_WARN_EMPTY_BODY = YES;
				CLANG_WARN_ENUM_CONVERSION = YES;
				CLANG_WARN_INFINITE_RECURSION = YES;
				CLANG_WARN_INT_CONVERSION = YES;
				CLANG_WARN_NON_LITERAL_NULL_CONVERSION = YES;
				CLANG_WARN_OBJC_IMPLICIT_RETAIN_SELF = YES;
				CLANG_WARN_OBJC_LITERAL_CONVERSION = YES;
				CLANG_WARN_OBJC_ROOT_CLASS = YES_ERROR;
				CLANG_WARN_RANGE_LOOP_ANALYSIS = YES;
				CLANG_WARN_STRICT_PROTOTYPES = YES;
				CLANG_WARN_SUSPICIOUS_MOVE = YES;
				CLANG_WARN_UNGUARDED_AVAILABILITY = YES_AGGRESSIVE;
				CLANG_WARN_UNREACHABLE_CODE = YES;
				CLANG_WARN__DUPLICATE_METHOD_MATCH = YES;
				CODE_SIGN_IDENTITY = "-";
				COPY_PHASE_STRIP = NO;
				DEBUG_INFORMATION_FORMAT = "dwarf-with-dsym";
				ENABLE_NS_ASSERTIONS = NO;
				ENABLE_STRICT_OBJC_MSGSEND = YES;
				GCC_C_LANGUAGE_STANDARD = gnu11;
				GCC_NO_COMMON_BLOCKS = YES;
				GCC_WARN_64_TO_32_BIT_CONVERSION = YES;
				GCC_WARN_ABOUT_RETURN_TYPE = YES_ERROR;
				GCC_WARN_UNDECLARED_SELECTOR = YES;
				GCC_WARN_UNINITIALIZED_AUTOS = YES_AGGRESSIVE;
				GCC_WARN_UNUSED_FUNCTION = YES;
				GCC_WARN_UNUSED_VARIABLE = YES;
				MACOSX_DEPLOYMENT_TARGET = 10.13;
				MTL_ENABLE_DEBUG_INFO = NO;
				SDKROOT = macosx;
			};
			name = Release;
		};
		EC0367C820A1421C00615D12 /* Debug */ = {
			isa = XCBuildConfiguration;
			buildSettings = {
				ASSETCATALOG_COMPILER_APPICON_NAME = AppIcon;
				CODE_SIGN_ENTITLEMENTS = MapGenerator/MapGenerator.entitlements;
				CODE_SIGN_STYLE = Automatic;
				COMBINE_HIDPI_IMAGES = YES;
				INFOPLIST_FILE = MapGenerator/Info.plist;
				LD_RUNPATH_SEARCH_PATHS = (
					"$(inherited)",
					"@executable_path/../Frameworks",
				);
				PRODUCT_BUNDLE_IDENTIFIER = com.Emrys.MapGenerator;
				PRODUCT_NAME = "$(TARGET_NAME)";
			};
			name = Debug;
		};
		EC0367C920A1421C00615D12 /* Release */ = {
			isa = XCBuildConfiguration;
			buildSettings = {
				ASSETCATALOG_COMPILER_APPICON_NAME = AppIcon;
				CODE_SIGN_ENTITLEMENTS = MapGenerator/MapGenerator.entitlements;
				CODE_SIGN_STYLE = Automatic;
				COMBINE_HIDPI_IMAGES = YES;
				INFOPLIST_FILE = MapGenerator/Info.plist;
				LD_RUNPATH_SEARCH_PATHS = (
					"$(inherited)",
					"@executable_path/../Frameworks",
				);
				PRODUCT_BUNDLE_IDENTIFIER = com.Emrys.MapGenerator;
				PRODUCT_NAME = "$(TARGET_NAME)";
			};
			name = Release;
		};
		EC0367CB20A1421C00615D12 /* Debug */ = {
			isa = XCBuildConfiguration;
			buildSettings = {
				BUNDLE_LOADER = "$(TEST_HOST)";
				CODE_SIGN_STYLE = Automatic;
				COMBINE_HIDPI_IMAGES = YES;
				INFOPLIST_FILE = MapGeneratorTests/Info.plist;
				LD_RUNPATH_SEARCH_PATHS = (
					"$(inherited)",
					"@executable_path/../Frameworks",
					"@loader_path/../Frameworks",
				);
				PRODUCT_BUNDLE_IDENTIFIER = com.Emrys.MapGeneratorTests;
				PRODUCT_NAME = "$(TARGET_NAME)";
				TEST_HOST = "$(BUILT_PRODUCTS_DIR)/MapGenerator.app/Contents/MacOS/MapGenerator";
			};
			name = Debug;
		};
		EC0367CC20A1421C00615D12 /* Release */ = {
			isa = XCBuildConfiguration;
			buildSettings = {
				BUNDLE_LOADER = "$(TEST_HOST)";
				CODE_SIGN_STYLE = Automatic;
				COMBINE_HIDPI_IMAGES = YES;
				INFOPLIST_FILE = MapGeneratorTests/Info.plist;
				LD_RUNPATH_SEARCH_PATHS = (
					"$(inherited)",
					"@executable_path/../Frameworks",
					"@loader_path/../Frameworks",
				);
				PRODUCT_BUNDLE_IDENTIFIER = com.Emrys.MapGeneratorTests;
				PRODUCT_NAME = "$(TARGET_NAME)";
				TEST_HOST = "$(BUILT_PRODUCTS_DIR)/MapGenerator.app/Contents/MacOS/MapGenerator";
			};
			name = Release;
		};
		EC0367CE20A1421C00615D12 /* Debug */ = {
			isa = XCBuildConfiguration;
			buildSettings = {
				CODE_SIGN_STYLE = Automatic;
				COMBINE_HIDPI_IMAGES = YES;
				INFOPLIST_FILE = MapGeneratorUITests/Info.plist;
				LD_RUNPATH_SEARCH_PATHS = (
					"$(inherited)",
					"@executable_path/../Frameworks",
					"@loader_path/../Frameworks",
				);
				PRODUCT_BUNDLE_IDENTIFIER = com.Emrys.MapGeneratorUITests;
				PRODUCT_NAME = "$(TARGET_NAME)";
				TEST_TARGET_NAME = MapGenerator;
			};
			name = Debug;
		};
		EC0367CF20A1421C00615D12 /* Release */ = {
			isa = XCBuildConfiguration;
			buildSettings = {
				CODE_SIGN_STYLE = Automatic;
				COMBINE_HIDPI_IMAGES = YES;
				INFOPLIST_FILE = MapGeneratorUITests/Info.plist;
				LD_RUNPATH_SEARCH_PATHS = (
					"$(inherited)",
					"@executable_path/../Frameworks",
					"@loader_path/../Frameworks",
				);
				PRODUCT_BUNDLE_IDENTIFIER = com.Emrys.MapGeneratorUITests;
				PRODUCT_NAME = "$(TARGET_NAME)";
				TEST_TARGET_NAME = MapGenerator;
			};
			name = Release;
		};
/* End XCBuildConfiguration section */

/* Begin XCConfigurationList section */
		EC03679820A1421B00615D12 /* Build configuration list for PBXProject "MapGenerator" */ = {
			isa = XCConfigurationList;
			buildConfigurations = (
				EC0367C520A1421C00615D12 /* Debug */,
				EC0367C620A1421C00615D12 /* Release */,
			);
			defaultConfigurationIsVisible = 0;
			defaultConfigurationName = Release;
		};
		EC0367C720A1421C00615D12 /* Build configuration list for PBXNativeTarget "MapGenerator" */ = {
			isa = XCConfigurationList;
			buildConfigurations = (
				EC0367C820A1421C00615D12 /* Debug */,
				EC0367C920A1421C00615D12 /* Release */,
			);
			defaultConfigurationIsVisible = 0;
			defaultConfigurationName = Release;
		};
		EC0367CA20A1421C00615D12 /* Build configuration list for PBXNativeTarget "MapGeneratorTests" */ = {
			isa = XCConfigurationList;
			buildConfigurations = (
				EC0367CB20A1421C00615D12 /* Debug */,
				EC0367CC20A1421C00615D12 /* Release */,
			);
			defaultConfigurationIsVisible = 0;
			defaultConfigurationName = Release;
		};
		EC0367CD20A1421C00615D12 /* Build configuration list for PBXNativeTarget "MapGeneratorUITests" */ = {
			isa = XCConfigurationList;
			buildConfigurations = (
				EC0367CE20A1421C00615D12 /* Debug */,
				EC0367CF20A1421C00615D12 /* Release */,
			);
			defaultConfigurationIsVisible = 0;
			defaultConfigurationName = Release;
		};
/* End XCConfigurationList section */
	};
	rootObject = EC03679520A1421B00615D12 /* Project object */;
}
